
Microsoft Visual Studio Solution File, Format Version 12.00
# Visual Studio 15
VisualStudioVersion = 15.0.28010.2050
MinimumVisualStudioVersion = 10.0.40219.1
Project("{FAE04EC0-301F-11D3-BF4B-00C04F79EFBC}") = "MountMichaelScheduling", "MountMichealScheduling\MountMichaelScheduling.csproj", "{ED0ADBAB-A9A9-4224-A884-6892AABCA68C}"
EndProject
Global
	GlobalSection(SolutionConfigurationPlatforms) = preSolution
		Debug|Any CPU = Debug|Any CPU
		Release|Any CPU = Release|Any CPU
	EndGlobalSection
	GlobalSection(ProjectConfigurationPlatforms) = postSolution
		{ED0ADBAB-A9A9-4224-A884-6892AABCA68C}.Debug|Any CPU.ActiveCfg = Debug|Any CPU
		{ED0ADBAB-A9A9-4224-A884-6892AABCA68C}.Debug|Any CPU.Build.0 = Debug|Any CPU
		{ED0ADBAB-A9A9-4224-A884-6892AABCA68C}.Release|Any CPU.ActiveCfg = Release|Any CPU
		{ED0ADBAB-A9A9-4224-A884-6892AABCA68C}.Release|Any CPU.Build.0 = Release|Any CPU
	EndGlobalSection
	GlobalSection(SolutionProperties) = preSolution
		HideSolutionNode = FALSE
	EndGlobalSection
	GlobalSection(ExtensibilityGlobals) = postSolution
		SolutionGuid = {10F41947-7428-41A9-BFAA-9ED2D80AC6DF}
	EndGlobalSection
EndGlobal
